
Microsoft Visual Studio Solution File, Format Version 12.00
# Visual Studio Version 16
VisualStudioVersion = 16.0.30028.174
MinimumVisualStudioVersion = 10.0.40219.1
Project("{9A19103F-16F7-4668-BE54-9A1E7A4F7556}") = "Tesseract.Api", "Tesseract.Api\Tesseract.Api.csproj", "{B0803BDE-7EA9-40F2-B934-8D7E3D901A1B}"
EndProject
Project("{E53339B2-1760-4266-BCC7-CA923CBCF16C}") = "docker-compose", "docker-compose.dcproj", "{736DA841-CDAC-4F96-8AC0-6E84FF444FC8}"
EndProject
Project("{9A19103F-16F7-4668-BE54-9A1E7A4F7556}") = "Tesseract.Infra.Data", "..\Tesseract.Infra.Data\Tesseract.Infra.Data.csproj", "{EB4774DD-C187-4034-9EAF-FA6ABACE6A66}"
EndProject
Project("{9A19103F-16F7-4668-BE54-9A1E7A4F7556}") = "Tesseract.Domain", "..\Tesseract.Domain\Tesseract.Domain.csproj", "{04B1A4FA-5D41-473D-B2BC-29B4B47B77F9}"
EndProject
Project("{FAE04EC0-301F-11D3-BF4B-00C04F79EFBC}") = "Tesseract.Service", "..\Tesseract.Service\Tesseract.Service.csproj", "{C66793B8-DB50-4973-AC1C-1A0A75820101}"
EndProject
Global
	GlobalSection(SolutionConfigurationPlatforms) = preSolution
		Debug|Any CPU = Debug|Any CPU
		Release|Any CPU = Release|Any CPU
	EndGlobalSection
	GlobalSection(ProjectConfigurationPlatforms) = postSolution
		{B0803BDE-7EA9-40F2-B934-8D7E3D901A1B}.Debug|Any CPU.ActiveCfg = Debug|Any CPU
		{B0803BDE-7EA9-40F2-B934-8D7E3D901A1B}.Debug|Any CPU.Build.0 = Debug|Any CPU
		{B0803BDE-7EA9-40F2-B934-8D7E3D901A1B}.Release|Any CPU.ActiveCfg = Release|Any CPU
		{B0803BDE-7EA9-40F2-B934-8D7E3D901A1B}.Release|Any CPU.Build.0 = Release|Any CPU
		{736DA841-CDAC-4F96-8AC0-6E84FF444FC8}.Debug|Any CPU.ActiveCfg = Debug|Any CPU
		{736DA841-CDAC-4F96-8AC0-6E84FF444FC8}.Debug|Any CPU.Build.0 = Debug|Any CPU
		{736DA841-CDAC-4F96-8AC0-6E84FF444FC8}.Release|Any CPU.ActiveCfg = Release|Any CPU
		{736DA841-CDAC-4F96-8AC0-6E84FF444FC8}.Release|Any CPU.Build.0 = Release|Any CPU
		{EB4774DD-C187-4034-9EAF-FA6ABACE6A66}.Debug|Any CPU.ActiveCfg = Debug|Any CPU
		{EB4774DD-C187-4034-9EAF-FA6ABACE6A66}.Debug|Any CPU.Build.0 = Debug|Any CPU
		{EB4774DD-C187-4034-9EAF-FA6ABACE6A66}.Release|Any CPU.ActiveCfg = Release|Any CPU
		{EB4774DD-C187-4034-9EAF-FA6ABACE6A66}.Release|Any CPU.Build.0 = Release|Any CPU
		{04B1A4FA-5D41-473D-B2BC-29B4B47B77F9}.Debug|Any CPU.ActiveCfg = Debug|Any CPU
		{04B1A4FA-5D41-473D-B2BC-29B4B47B77F9}.Debug|Any CPU.Build.0 = Debug|Any CPU
		{04B1A4FA-5D41-473D-B2BC-29B4B47B77F9}.Release|Any CPU.ActiveCfg = Release|Any CPU
		{04B1A4FA-5D41-473D-B2BC-29B4B47B77F9}.Release|Any CPU.Build.0 = Release|Any CPU
		{C66793B8-DB50-4973-AC1C-1A0A75820101}.Debug|Any CPU.ActiveCfg = Debug|Any CPU
		{C66793B8-DB50-4973-AC1C-1A0A75820101}.Debug|Any CPU.Build.0 = Debug|Any CPU
		{C66793B8-DB50-4973-AC1C-1A0A75820101}.Release|Any CPU.ActiveCfg = Release|Any CPU
		{C66793B8-DB50-4973-AC1C-1A0A75820101}.Release|Any CPU.Build.0 = Release|Any CPU
	EndGlobalSection
	GlobalSection(SolutionProperties) = preSolution
		HideSolutionNode = FALSE
	EndGlobalSection
	GlobalSection(ExtensibilityGlobals) = postSolution
		SolutionGuid = {3F5629C8-F5AF-40A5-8A3D-F597F46AB88D}
	EndGlobalSection
EndGlobal
